
Microsoft Visual Studio Solution File, Format Version 12.00
# Visual Studio Version 17
VisualStudioVersion = 17.2.32630.192
MinimumVisualStudioVersion = 10.0.40219.1
Project("{FAE04EC0-301F-11D3-BF4B-00C04F79EFBC}") = "MiPagWebConstruccion", "MiPagWebConstruccion\MiPagWebConstruccion.csproj", "{C2BAF9EE-6587-4188-9553-288713AE806D}"
EndProject
Global
	GlobalSection(SolutionConfigurationPlatforms) = preSolution
		Debug|Any CPU = Debug|Any CPU
		Release|Any CPU = Release|Any CPU
	EndGlobalSection
	GlobalSection(ProjectConfigurationPlatforms) = postSolution
		{C2BAF9EE-6587-4188-9553-288713AE806D}.Debug|Any CPU.ActiveCfg = Debug|Any CPU
		{C2BAF9EE-6587-4188-9553-288713AE806D}.Debug|Any CPU.Build.0 = Debug|Any CPU
		{C2BAF9EE-6587-4188-9553-288713AE806D}.Release|Any CPU.ActiveCfg = Release|Any CPU
		{C2BAF9EE-6587-4188-9553-288713AE806D}.Release|Any CPU.Build.0 = Release|Any CPU
	EndGlobalSection
	GlobalSection(SolutionProperties) = preSolution
		HideSolutionNode = FALSE
	EndGlobalSection
	GlobalSection(ExtensibilityGlobals) = postSolution
		SolutionGuid = {EC1BEC8C-F00D-4347-B338-6429704AB4AA}
	EndGlobalSection
EndGlobal
